{
    "name": "hkey-must-be",
    "version": "0.0.1",
    "lockfileVersion": 2,
    "requires": true,
    "packages": {
        "": {
            "name": "hkey-must-be",
            "version": "0.0.1",
            "license": "MIT",
            "dependencies": {
                "stack-parser": "^0.0.1"
            },
            "engines": {
                "node": ">=0.1.0"
            }
        },
        "node_modules/stack-parser": {
            "version": "0.0.1",
            "resolved": "https://registry.npmjs.org/stack-parser/-/stack-parser-0.0.1.tgz",
            "integrity": "sha512-7wM3FaSOHg0EMrQ4GqRLLwAN4oY8eUHiqOnxTQgRnJ3hAiGKhAItH+cAJHqyyxgBJSr06MosLpkg9hksbrJakQ==",
            "engines": {
                "node": "*"
            }
        }
    },
    "dependencies": {
        "stack-parser": {
            "version": "0.0.1",
            "resolved": "https://registry.npmjs.org/stack-parser/-/stack-parser-0.0.1.tgz",
            "integrity": "sha512-7wM3FaSOHg0EMrQ4GqRLLwAN4oY8eUHiqOnxTQgRnJ3hAiGKhAItH+cAJHqyyxgBJSr06MosLpkg9hksbrJakQ=="
        }
    }
}
